
Microsoft Visual Studio Solution File, Format Version 12.00
# Visual Studio Version 17
VisualStudioVersion = 17.0.31612.314
MinimumVisualStudioVersion = 10.0.40219.1
Project("{9A19103F-16F7-4668-BE54-9A1E7A4F7556}") = "SolarSystem", "SolarSystem\SolarSystem.csproj", "{7B8BD398-C9C2-4B2D-B32F-A659FF18E472}"
EndProject
Project("{2150E333-8FDC-42A3-9474-1A3956D46DE8}") = "Solution Items", "Solution Items", "{60C8AF9D-572D-4E33-86DB-028E25DC1932}"
	ProjectSection(SolutionItems) = preProject
		.editorconfig = .editorconfig
	EndProjectSection
EndProject
Global
	GlobalSection(SolutionConfigurationPlatforms) = preSolution
		Debug|Any CPU = Debug|Any CPU
		Release|Any CPU = Release|Any CPU
	EndGlobalSection
	GlobalSection(ProjectConfigurationPlatforms) = postSolution
		{7B8BD398-C9C2-4B2D-B32F-A659FF18E472}.Debug|Any CPU.ActiveCfg = Debug|Any CPU
		{7B8BD398-C9C2-4B2D-B32F-A659FF18E472}.Debug|Any CPU.Build.0 = Debug|Any CPU
		{7B8BD398-C9C2-4B2D-B32F-A659FF18E472}.Release|Any CPU.ActiveCfg = Release|Any CPU
		{7B8BD398-C9C2-4B2D-B32F-A659FF18E472}.Release|Any CPU.Build.0 = Release|Any CPU
	EndGlobalSection
	GlobalSection(SolutionProperties) = preSolution
		HideSolutionNode = FALSE
	EndGlobalSection
	GlobalSection(ExtensibilityGlobals) = postSolution
		SolutionGuid = {642A764C-865E-429C-813C-A7823BABE008}
	EndGlobalSection
EndGlobal
